
Microsoft Visual Studio Solution File, Format Version 12.00
# Visual Studio 14
VisualStudioVersion = 14.0.24720.0
MinimumVisualStudioVersion = 10.0.40219.1
Project("{FAE04EC0-301F-11D3-BF4B-00C04F79EFBC}") = "DCI.Core", "DCI.Core\DCI.Core.csproj", "{B5FCE13E-6868-4628-BBEE-92C5E13357C7}"
EndProject
Project("{FAE04EC0-301F-11D3-BF4B-00C04F79EFBC}") = "EndpointA", "EndpointA\EndpointA.csproj", "{096E446F-278A-4F89-A75D-8D4641F739BE}"
EndProject
Project("{FAE04EC0-301F-11D3-BF4B-00C04F79EFBC}") = "TestController", "TestController\TestController.csproj", "{9F9E9C6F-56E9-45A3-8211-D50525BE9263}"
EndProject
Project("{FAE04EC0-301F-11D3-BF4B-00C04F79EFBC}") = "EndpointB", "EndpointB\EndpointB.csproj", "{17DE4F45-D23E-4C82-95E3-2780B85456FD}"
EndProject
Project("{FAE04EC0-301F-11D3-BF4B-00C04F79EFBC}") = "Adapters.Persistence", "Adapters.Persistence\Adapters.Persistence.csproj", "{B70B6807-9E6B-4C87-BCAB-CF7C7122B8AB}"
EndProject
Project("{FAE04EC0-301F-11D3-BF4B-00C04F79EFBC}") = "Adapters.Transport", "Adapters.Transport\Adapters.Transport.csproj", "{A9A27B40-910E-4D7C-8580-98BF3169661E}"
EndProject
Project("{FAE04EC0-301F-11D3-BF4B-00C04F79EFBC}") = "Domain", "Domain\Domain.csproj", "{1DD2191A-3EE4-404D-8A9F-EA18F148C583}"
EndProject
Global
	GlobalSection(SolutionConfigurationPlatforms) = preSolution
		Debug|Any CPU = Debug|Any CPU
		Release|Any CPU = Release|Any CPU
	EndGlobalSection
	GlobalSection(ProjectConfigurationPlatforms) = postSolution
		{B5FCE13E-6868-4628-BBEE-92C5E13357C7}.Debug|Any CPU.ActiveCfg = Debug|Any CPU
		{B5FCE13E-6868-4628-BBEE-92C5E13357C7}.Debug|Any CPU.Build.0 = Debug|Any CPU
		{B5FCE13E-6868-4628-BBEE-92C5E13357C7}.Release|Any CPU.ActiveCfg = Release|Any CPU
		{B5FCE13E-6868-4628-BBEE-92C5E13357C7}.Release|Any CPU.Build.0 = Release|Any CPU
		{096E446F-278A-4F89-A75D-8D4641F739BE}.Debug|Any CPU.ActiveCfg = Debug|Any CPU
		{096E446F-278A-4F89-A75D-8D4641F739BE}.Debug|Any CPU.Build.0 = Debug|Any CPU
		{096E446F-278A-4F89-A75D-8D4641F739BE}.Release|Any CPU.ActiveCfg = Release|Any CPU
		{096E446F-278A-4F89-A75D-8D4641F739BE}.Release|Any CPU.Build.0 = Release|Any CPU
		{9F9E9C6F-56E9-45A3-8211-D50525BE9263}.Debug|Any CPU.ActiveCfg = Debug|Any CPU
		{9F9E9C6F-56E9-45A3-8211-D50525BE9263}.Debug|Any CPU.Build.0 = Debug|Any CPU
		{9F9E9C6F-56E9-45A3-8211-D50525BE9263}.Release|Any CPU.ActiveCfg = Release|Any CPU
		{9F9E9C6F-56E9-45A3-8211-D50525BE9263}.Release|Any CPU.Build.0 = Release|Any CPU
		{17DE4F45-D23E-4C82-95E3-2780B85456FD}.Debug|Any CPU.ActiveCfg = Debug|Any CPU
		{17DE4F45-D23E-4C82-95E3-2780B85456FD}.Debug|Any CPU.Build.0 = Debug|Any CPU
		{17DE4F45-D23E-4C82-95E3-2780B85456FD}.Release|Any CPU.ActiveCfg = Release|Any CPU
		{17DE4F45-D23E-4C82-95E3-2780B85456FD}.Release|Any CPU.Build.0 = Release|Any CPU
		{B70B6807-9E6B-4C87-BCAB-CF7C7122B8AB}.Debug|Any CPU.ActiveCfg = Debug|Any CPU
		{B70B6807-9E6B-4C87-BCAB-CF7C7122B8AB}.Debug|Any CPU.Build.0 = Debug|Any CPU
		{B70B6807-9E6B-4C87-BCAB-CF7C7122B8AB}.Release|Any CPU.ActiveCfg = Release|Any CPU
		{B70B6807-9E6B-4C87-BCAB-CF7C7122B8AB}.Release|Any CPU.Build.0 = Release|Any CPU
		{A9A27B40-910E-4D7C-8580-98BF3169661E}.Debug|Any CPU.ActiveCfg = Debug|Any CPU
		{A9A27B40-910E-4D7C-8580-98BF3169661E}.Debug|Any CPU.Build.0 = Debug|Any CPU
		{A9A27B40-910E-4D7C-8580-98BF3169661E}.Release|Any CPU.ActiveCfg = Release|Any CPU
		{A9A27B40-910E-4D7C-8580-98BF3169661E}.Release|Any CPU.Build.0 = Release|Any CPU
		{1DD2191A-3EE4-404D-8A9F-EA18F148C583}.Debug|Any CPU.ActiveCfg = Debug|Any CPU
		{1DD2191A-3EE4-404D-8A9F-EA18F148C583}.Debug|Any CPU.Build.0 = Debug|Any CPU
		{1DD2191A-3EE4-404D-8A9F-EA18F148C583}.Release|Any CPU.ActiveCfg = Release|Any CPU
		{1DD2191A-3EE4-404D-8A9F-EA18F148C583}.Release|Any CPU.Build.0 = Release|Any CPU
	EndGlobalSection
	GlobalSection(SolutionProperties) = preSolution
		HideSolutionNode = FALSE
	EndGlobalSection
EndGlobal
